{
  "name": "inferno",
  "version": "1.0.0",
  "lockfileVersion": 1,
  "requires": true,
  "dependencies": {
    "@types/node": {
      "version": "7.10.6",
      "resolved": "https://registry.npmjs.org/@types/node/-/node-7.10.6.tgz",
      "integrity": "sha512-d0BOAicT0tEdbdVQlLGOVul1kvg6YvbaADRCThGCz5NJ0e9r00SofcR1x69hmlCyrHuB6jd4cKzL9bMLjPnpAA=="
    },
    "asn1": {
      "version": "github:evs-broadcast/node-asn1#2fc158464a92e1465523f108295abd54e7ce86db",
      "from": "github:evs-broadcast/node-asn1#date_2018_01_02"
    },
    "async": {
      "version": "1.0.0",
      "resolved": "https://registry.npmjs.org/async/-/async-1.0.0.tgz",
      "integrity": "sha1-+PwEyjoTeErenhZBr5hXjPvWR6k="
    },
    "async-limiter": {
      "version": "1.0.0",
      "resolved": "https://registry.npmjs.org/async-limiter/-/async-limiter-1.0.0.tgz",
      "integrity": "sha512-jp/uFnooOiO+L211eZOoSyzpOITMXx1rBITauYykG3BRYPu8h0UcxsPNB04RR5vo4Tyz3+ay17tR6JVf9qzYWg=="
    },
    "colors": {
      "version": "1.0.3",
      "resolved": "https://registry.npmjs.org/colors/-/colors-1.0.3.tgz",
      "integrity": "sha1-BDP0TYCWgP3rYO0mDxsMJi6CpAs="
    },
    "cycle": {
      "version": "1.0.3",
      "resolved": "https://registry.npmjs.org/cycle/-/cycle-1.0.3.tgz",
      "integrity": "sha1-IegLK+hYD5i0aPN5QwZisEbDStI="
    },
    "emberplus": {
      "version": "git+https://github.com/evs-broadcast/node-emberplus.git#0e34ada1479e22e4b2b6e89de98a42cb2334d697",
      "from": "git+https://github.com/evs-broadcast/node-emberplus.git",
      "requires": {
        "asn1": "github:evs-broadcast/node-asn1#2fc158464a92e1465523f108295abd54e7ce86db",
        "enum": "^2.4.0",
        "long": "^3.2.0",
        "smart-buffer": "^3.0.3",
        "winston": "^2.1.1",
        "winston-color": "^1.0.0"
      }
    },
    "enum": {
      "version": "2.5.0",
      "resolved": "https://registry.npmjs.org/enum/-/enum-2.5.0.tgz",
      "integrity": "sha1-8gW4xlozWorOgIEQXflxsYVouYQ=",
      "requires": {
        "is-buffer": "^1.1.0"
      }
    },
    "eyes": {
      "version": "0.1.8",
      "resolved": "https://registry.npmjs.org/eyes/-/eyes-0.1.8.tgz",
      "integrity": "sha1-Ys8SAjTGg3hdkCNIqADvPgzCC8A="
    },
    "is-buffer": {
      "version": "1.1.6",
      "resolved": "https://registry.npmjs.org/is-buffer/-/is-buffer-1.1.6.tgz",
      "integrity": "sha512-NcdALwpXkTm5Zvvbk7owOUSvVvBKDgKP5/ewfXEznmQFfs4ZRmanOeKBTjRVjka3QFoN6XJ+9F3USqfHqTaU5w=="
    },
    "isstream": {
      "version": "0.1.2",
      "resolved": "https://registry.npmjs.org/isstream/-/isstream-0.1.2.tgz",
      "integrity": "sha1-R+Y/evVa+m+S4VAOaQ64uFKcCZo="
    },
    "long": {
      "version": "3.2.0",
      "resolved": "https://registry.npmjs.org/long/-/long-3.2.0.tgz",
      "integrity": "sha1-2CG3E4yhy1gcFymQ7xTbIAtcR0s="
    },
    "smart-buffer": {
      "version": "3.0.3",
      "resolved": "https://registry.npmjs.org/smart-buffer/-/smart-buffer-3.0.3.tgz",
      "integrity": "sha1-dtSr+GPWqpHVyf1pTNUbJCeC5Z8=",
      "requires": {
        "@types/node": "^7.0.4"
      }
    },
    "stack-trace": {
      "version": "0.0.10",
      "resolved": "https://registry.npmjs.org/stack-trace/-/stack-trace-0.0.10.tgz",
      "integrity": "sha1-VHxws0fo0ytOEI6hoqFZ5f3eGcA="
    },
    "winston": {
      "version": "2.4.4",
      "resolved": "https://registry.npmjs.org/winston/-/winston-2.4.4.tgz",
      "integrity": "sha512-NBo2Pepn4hK4V01UfcWcDlmiVTs7VTB1h7bgnB0rgP146bYhMxX0ypCz3lBOfNxCO4Zuek7yeT+y/zM1OfMw4Q==",
      "requires": {
        "async": "~1.0.0",
        "colors": "1.0.x",
        "cycle": "1.0.x",
        "eyes": "0.1.x",
        "isstream": "0.1.x",
        "stack-trace": "0.0.x"
      }
    },
    "winston-color": {
      "version": "1.0.0",
      "resolved": "https://registry.npmjs.org/winston-color/-/winston-color-1.0.0.tgz",
      "integrity": "sha1-fc8o/e0BZYUkfyqtwQzoqvvh+sY=",
      "requires": {
        "winston": "^2.1.1"
      }
    },
    "ws": {
      "version": "7.0.0",
      "resolved": "https://registry.npmjs.org/ws/-/ws-7.0.0.tgz",
      "integrity": "sha512-cknCal4k0EAOrh1SHHPPWWh4qm93g1IuGGGwBjWkXmCG7LsDtL8w9w+YVfaF+KSVwiHQKDIMsSLBVftKf9d1pg==",
      "requires": {
        "async-limiter": "^1.0.0"
      }
    }
  }
}
